
Microsoft Visual Studio Solution File, Format Version 12.00
# Visual Studio Version 16
VisualStudioVersion = 16.0.30907.101
MinimumVisualStudioVersion = 10.0.40219.1
Project("{9A19103F-16F7-4668-BE54-9A1E7A4F7556}") = "ConsoleApp", "ConsoleApp\ConsoleApp.csproj", "{69A38D4C-CCC1-4896-8249-D13B3F5FFA64}"
EndProject
Project("{FAE04EC0-301F-11D3-BF4B-00C04F79EFBC}") = "WindowsFormsApp", "WindowsFormsApp\WindowsFormsApp.csproj", "{33D8CEA3-761F-4D03-8DA2-EA0EC688E20A}"
EndProject
Project("{FAE04EC0-301F-11D3-BF4B-00C04F79EFBC}") = "TimeGreeting", "ClassLibrary\TimeGreeting.csproj", "{68342473-5A9E-4423-9C7A-5B25FCC37DDE}"
EndProject
Global
	GlobalSection(SolutionConfigurationPlatforms) = preSolution
		Debug|Any CPU = Debug|Any CPU
		Release|Any CPU = Release|Any CPU
	EndGlobalSection
	GlobalSection(ProjectConfigurationPlatforms) = postSolution
		{69A38D4C-CCC1-4896-8249-D13B3F5FFA64}.Debug|Any CPU.ActiveCfg = Debug|Any CPU
		{69A38D4C-CCC1-4896-8249-D13B3F5FFA64}.Debug|Any CPU.Build.0 = Debug|Any CPU
		{69A38D4C-CCC1-4896-8249-D13B3F5FFA64}.Release|Any CPU.ActiveCfg = Release|Any CPU
		{69A38D4C-CCC1-4896-8249-D13B3F5FFA64}.Release|Any CPU.Build.0 = Release|Any CPU
		{33D8CEA3-761F-4D03-8DA2-EA0EC688E20A}.Debug|Any CPU.ActiveCfg = Debug|Any CPU
		{33D8CEA3-761F-4D03-8DA2-EA0EC688E20A}.Debug|Any CPU.Build.0 = Debug|Any CPU
		{33D8CEA3-761F-4D03-8DA2-EA0EC688E20A}.Release|Any CPU.ActiveCfg = Release|Any CPU
		{33D8CEA3-761F-4D03-8DA2-EA0EC688E20A}.Release|Any CPU.Build.0 = Release|Any CPU
		{68342473-5A9E-4423-9C7A-5B25FCC37DDE}.Debug|Any CPU.ActiveCfg = Debug|Any CPU
		{68342473-5A9E-4423-9C7A-5B25FCC37DDE}.Debug|Any CPU.Build.0 = Debug|Any CPU
		{68342473-5A9E-4423-9C7A-5B25FCC37DDE}.Release|Any CPU.ActiveCfg = Release|Any CPU
		{68342473-5A9E-4423-9C7A-5B25FCC37DDE}.Release|Any CPU.Build.0 = Release|Any CPU
	EndGlobalSection
	GlobalSection(SolutionProperties) = preSolution
		HideSolutionNode = FALSE
	EndGlobalSection
	GlobalSection(ExtensibilityGlobals) = postSolution
		SolutionGuid = {5F269CA4-C11B-4D46-809F-14A286B08075}
	EndGlobalSection
EndGlobal
