
Microsoft Visual Studio Solution File, Format Version 12.00
# Visual Studio Version 16
VisualStudioVersion = 16.0.30907.101
MinimumVisualStudioVersion = 10.0.40219.1
Project("{FAE04EC0-301F-11D3-BF4B-00C04F79EFBC}") = "TimeGreeting", "ClassLibrary\TimeGreeting.csproj", "{B3E763B2-BA51-4F58-B8FE-D6C01EB6704B}"
EndProject
Global
	GlobalSection(SolutionConfigurationPlatforms) = preSolution
		Debug|Any CPU = Debug|Any CPU
		Release|Any CPU = Release|Any CPU
	EndGlobalSection
	GlobalSection(ProjectConfigurationPlatforms) = postSolution
		{B3E763B2-BA51-4F58-B8FE-D6C01EB6704B}.Debug|Any CPU.ActiveCfg = Debug|Any CPU
		{B3E763B2-BA51-4F58-B8FE-D6C01EB6704B}.Debug|Any CPU.Build.0 = Debug|Any CPU
		{B3E763B2-BA51-4F58-B8FE-D6C01EB6704B}.Release|Any CPU.ActiveCfg = Release|Any CPU
		{B3E763B2-BA51-4F58-B8FE-D6C01EB6704B}.Release|Any CPU.Build.0 = Release|Any CPU
	EndGlobalSection
	GlobalSection(SolutionProperties) = preSolution
		HideSolutionNode = FALSE
	EndGlobalSection
	GlobalSection(ExtensibilityGlobals) = postSolution
		SolutionGuid = {054FD04A-B2F2-481D-ABD2-6DF316711315}
	EndGlobalSection
EndGlobal
