
Microsoft Visual Studio Solution File, Format Version 12.00
# Visual Studio Version 16
VisualStudioVersion = 16.0.30907.101
MinimumVisualStudioVersion = 10.0.40219.1
Project("{FAE04EC0-301F-11D3-BF4B-00C04F79EFBC}") = "SearchEngine", "SearchEngine\SearchEngine.csproj", "{47A92810-F5FF-4EDD-A23D-2B8CD0EB18D7}"
EndProject
Project("{FAE04EC0-301F-11D3-BF4B-00C04F79EFBC}") = "FileSystem", "FileSystem\FileSystem.csproj", "{CA12FA52-6ADA-4A70-BB49-E9BE25BB56B8}"
EndProject
Global
	GlobalSection(SolutionConfigurationPlatforms) = preSolution
		Debug|Any CPU = Debug|Any CPU
		Release|Any CPU = Release|Any CPU
	EndGlobalSection
	GlobalSection(ProjectConfigurationPlatforms) = postSolution
		{47A92810-F5FF-4EDD-A23D-2B8CD0EB18D7}.Debug|Any CPU.ActiveCfg = Debug|Any CPU
		{47A92810-F5FF-4EDD-A23D-2B8CD0EB18D7}.Debug|Any CPU.Build.0 = Debug|Any CPU
		{47A92810-F5FF-4EDD-A23D-2B8CD0EB18D7}.Release|Any CPU.ActiveCfg = Release|Any CPU
		{47A92810-F5FF-4EDD-A23D-2B8CD0EB18D7}.Release|Any CPU.Build.0 = Release|Any CPU
		{CA12FA52-6ADA-4A70-BB49-E9BE25BB56B8}.Debug|Any CPU.ActiveCfg = Debug|Any CPU
		{CA12FA52-6ADA-4A70-BB49-E9BE25BB56B8}.Debug|Any CPU.Build.0 = Debug|Any CPU
		{CA12FA52-6ADA-4A70-BB49-E9BE25BB56B8}.Release|Any CPU.ActiveCfg = Release|Any CPU
		{CA12FA52-6ADA-4A70-BB49-E9BE25BB56B8}.Release|Any CPU.Build.0 = Release|Any CPU
	EndGlobalSection
	GlobalSection(SolutionProperties) = preSolution
		HideSolutionNode = FALSE
	EndGlobalSection
	GlobalSection(ExtensibilityGlobals) = postSolution
		SolutionGuid = {C4744315-B570-46D5-B7B7-2E7C6EE92F80}
	EndGlobalSection
EndGlobal
